// !$*UTF8*$!
{
	archiveVersion = 1;
	classes = {
	};
	objectVersion = 50;
	objects = {

/* Begin PBXBuildFile section */
		3A31CB1D20A9524700AC4CB0 /* CoreData.framework in Frameworks */ = {isa = PBXBuildFile; fileRef = 3A31CB1C20A9524700AC4CB0 /* CoreData.framework */; };
		3A31CB1F20A95AB500AC4CB0 /* MapKit.framework in Frameworks */ = {isa = PBXBuildFile; fileRef = 3A31CB1E20A95AB500AC4CB0 /* MapKit.framework */; };
		3A4AEB0220A573F800A940B6 /* FriendVC.swift in Sources */ = {isa = PBXBuildFile; fileRef = 3A4AEB0120A573F800A940B6 /* FriendVC.swift */; };
		3A4AEB0420A5744F00A940B6 /* ProfileVC.swift in Sources */ = {isa = PBXBuildFile; fileRef = 3A4AEB0320A5744F00A940B6 /* ProfileVC.swift */; };
		3A4AEB0620A574A000A940B6 /* SettingsVC.swift in Sources */ = {isa = PBXBuildFile; fileRef = 3A4AEB0520A574A000A940B6 /* SettingsVC.swift */; };
		3A5410CD20A5394D002D612D /* AppDelegate.swift in Sources */ = {isa = PBXBuildFile; fileRef = 3A5410CC20A5394D002D612D /* AppDelegate.swift */; };
		3A5410CF20A5394D002D612D /* MainMenuVC.swift in Sources */ = {isa = PBXBuildFile; fileRef = 3A5410CE20A5394D002D612D /* MainMenuVC.swift */; };
		3A5410D220A5394D002D612D /* Main.storyboard in Resources */ = {isa = PBXBuildFile; fileRef = 3A5410D020A5394D002D612D /* Main.storyboard */; };
		3A5410D520A5394D002D612D /* Treasure_Hunt.xcdatamodeld in Sources */ = {isa = PBXBuildFile; fileRef = 3A5410D320A5394D002D612D /* Treasure_Hunt.xcdatamodeld */; };
		3A5410D720A5394F002D612D /* Assets.xcassets in Resources */ = {isa = PBXBuildFile; fileRef = 3A5410D620A5394F002D612D /* Assets.xcassets */; };
		3A5410DA20A5394F002D612D /* LaunchScreen.storyboard in Resources */ = {isa = PBXBuildFile; fileRef = 3A5410D820A5394F002D612D /* LaunchScreen.storyboard */; };
		3A5410E220A53E31002D612D /* TreasureMapVC.swift in Sources */ = {isa = PBXBuildFile; fileRef = 3A5410E120A53E31002D612D /* TreasureMapVC.swift */; };
		3A60F81620B5784400546EB9 /* NavigationController.swift in Sources */ = {isa = PBXBuildFile; fileRef = 3A60F81520B5784400546EB9 /* NavigationController.swift */; };
		3A6A97D420B9CA3200E95BB7 /* TreasureViewVC.swift in Sources */ = {isa = PBXBuildFile; fileRef = 3A6A97D320B9CA3200E95BB7 /* TreasureViewVC.swift */; };
		3A99B50920C40C6300EE22E4 /* SKTAudio.swift in Sources */ = {isa = PBXBuildFile; fileRef = 3A99B50820C40C6300EE22E4 /* SKTAudio.swift */; };
		3AC47E6120A57A2600F2FF93 /* user.swift in Sources */ = {isa = PBXBuildFile; fileRef = 3AC47E6020A57A2600F2FF93 /* user.swift */; };
		3AC47E6320A57A3800F2FF93 /* treasure.swift in Sources */ = {isa = PBXBuildFile; fileRef = 3AC47E6220A57A3800F2FF93 /* treasure.swift */; };
		3AC47E6520A57D1500F2FF93 /* person.swift in Sources */ = {isa = PBXBuildFile; fileRef = 3AC47E6420A57D1500F2FF93 /* person.swift */; };
		3AF006B220B7270C00B69760 /* pirate.mp3 in Resources */ = {isa = PBXBuildFile; fileRef = 3AF006B120B7270C00B69760 /* pirate.mp3 */; };
/* End PBXBuildFile section */

/* Begin PBXFileReference section */
		3A31CB1C20A9524700AC4CB0 /* CoreData.framework */ = {isa = PBXFileReference; lastKnownFileType = wrapper.framework; name = CoreData.framework; path = System/Library/Frameworks/CoreData.framework; sourceTree = SDKROOT; };
		3A31CB1E20A95AB500AC4CB0 /* MapKit.framework */ = {isa = PBXFileReference; lastKnownFileType = wrapper.framework; name = MapKit.framework; path = System/Library/Frameworks/MapKit.framework; sourceTree = SDKROOT; };
		3A4AEB0120A573F800A940B6 /* FriendVC.swift */ = {isa = PBXFileReference; lastKnownFileType = sourcecode.swift; path = FriendVC.swift; sourceTree = "<group>"; };
		3A4AEB0320A5744F00A940B6 /* ProfileVC.swift */ = {isa = PBXFileReference; lastKnownFileType = sourcecode.swift; path = ProfileVC.swift; sourceTree = "<group>"; };
		3A4AEB0520A574A000A940B6 /* SettingsVC.swift */ = {isa = PBXFileReference; lastKnownFileType = sourcecode.swift; path = SettingsVC.swift; sourceTree = "<group>"; };
		3A5410C920A5394D002D612D /* Treasure Hunt.app */ = {isa = PBXFileReference; explicitFileType = wrapper.application; includeInIndex = 0; path = "Treasure Hunt.app"; sourceTree = BUILT_PRODUCTS_DIR; };
		3A5410CC20A5394D002D612D /* AppDelegate.swift */ = {isa = PBXFileReference; lastKnownFileType = sourcecode.swift; path = AppDelegate.swift; sourceTree = "<group>"; };
		3A5410CE20A5394D002D612D /* MainMenuVC.swift */ = {isa = PBXFileReference; lastKnownFileType = sourcecode.swift; path = MainMenuVC.swift; sourceTree = "<group>"; };
		3A5410D120A5394D002D612D /* Base */ = {isa = PBXFileReference; lastKnownFileType = file.storyboard; name = Base; path = Base.lproj/Main.storyboard; sourceTree = "<group>"; };
		3A5410D420A5394D002D612D /* Treasure_Hunt.xcdatamodel */ = {isa = PBXFileReference; lastKnownFileType = wrapper.xcdatamodel; path = Treasure_Hunt.xcdatamodel; sourceTree = "<group>"; };
		3A5410D620A5394F002D612D /* Assets.xcassets */ = {isa = PBXFileReference; lastKnownFileType = folder.assetcatalog; path = Assets.xcassets; sourceTree = "<group>"; };
		3A5410D920A5394F002D612D /* Base */ = {isa = PBXFileReference; lastKnownFileType = file.storyboard; name = Base; path = Base.lproj/LaunchScreen.storyboard; sourceTree = "<group>"; };
		3A5410DB20A5394F002D612D /* Info.plist */ = {isa = PBXFileReference; lastKnownFileType = text.plist.xml; path = Info.plist; sourceTree = "<group>"; };
		3A5410E120A53E31002D612D /* TreasureMapVC.swift */ = {isa = PBXFileReference; lastKnownFileType = sourcecode.swift; path = TreasureMapVC.swift; sourceTree = "<group>"; };
		3A60F81520B5784400546EB9 /* NavigationController.swift */ = {isa = PBXFileReference; lastKnownFileType = sourcecode.swift; path = NavigationController.swift; sourceTree = "<group>"; };
		3A6A97D320B9CA3200E95BB7 /* TreasureViewVC.swift */ = {isa = PBXFileReference; lastKnownFileType = sourcecode.swift; path = TreasureViewVC.swift; sourceTree = "<group>"; };
		3A99B50820C40C6300EE22E4 /* SKTAudio.swift */ = {isa = PBXFileReference; fileEncoding = 4; lastKnownFileType = sourcecode.swift; path = SKTAudio.swift; sourceTree = "<group>"; };
		3AC47E6020A57A2600F2FF93 /* user.swift */ = {isa = PBXFileReference; lastKnownFileType = sourcecode.swift; path = user.swift; sourceTree = "<group>"; };
		3AC47E6220A57A3800F2FF93 /* treasure.swift */ = {isa = PBXFileReference; lastKnownFileType = sourcecode.swift; path = treasure.swift; sourceTree = "<group>"; };
		3AC47E6420A57D1500F2FF93 /* person.swift */ = {isa = PBXFileReference; lastKnownFileType = sourcecode.swift; path = person.swift; sourceTree = "<group>"; };
		3AF006B120B7270C00B69760 /* pirate.mp3 */ = {isa = PBXFileReference; lastKnownFileType = audio.mp3; path = pirate.mp3; sourceTree = "<group>"; };
/* End PBXFileReference section */

/* Begin PBXFrameworksBuildPhase section */
		3A5410C620A5394D002D612D /* Frameworks */ = {
			isa = PBXFrameworksBuildPhase;
			buildActionMask = 2147483647;
			files = (
				3A31CB1F20A95AB500AC4CB0 /* MapKit.framework in Frameworks */,
				3A31CB1D20A9524700AC4CB0 /* CoreData.framework in Frameworks */,
			);
			runOnlyForDeploymentPostprocessing = 0;
		};
/* End PBXFrameworksBuildPhase section */

/* Begin PBXGroup section */
		3A09C53420B6A4DF001DAF76 /* treasureContent */ = {
			isa = PBXGroup;
			children = (
			);
			path = treasureContent;
			sourceTree = "<group>";
		};
		3A31CB1B20A9524700AC4CB0 /* Frameworks */ = {
			isa = PBXGroup;
			children = (
				3A31CB1E20A95AB500AC4CB0 /* MapKit.framework */,
				3A31CB1C20A9524700AC4CB0 /* CoreData.framework */,
			);
			name = Frameworks;
			sourceTree = "<group>";
		};
		3A4AEB0720A5772800A940B6 /* UserClasses */ = {
			isa = PBXGroup;
			children = (
				3A09C53420B6A4DF001DAF76 /* treasureContent */,
				3AC47E6020A57A2600F2FF93 /* user.swift */,
				3AC47E6220A57A3800F2FF93 /* treasure.swift */,
				3AC47E6420A57D1500F2FF93 /* person.swift */,
			);
			path = UserClasses;
			sourceTree = "<group>";
		};
		3A4AEB0820A5775E00A940B6 /* ViewControllers */ = {
			isa = PBXGroup;
			children = (
				3A5410CE20A5394D002D612D /* MainMenuVC.swift */,
				3A4AEB0520A574A000A940B6 /* SettingsVC.swift */,
				3A4AEB0320A5744F00A940B6 /* ProfileVC.swift */,
				3A4AEB0120A573F800A940B6 /* FriendVC.swift */,
				3A5410E120A53E31002D612D /* TreasureMapVC.swift */,
				3A60F81520B5784400546EB9 /* NavigationController.swift */,
				3A6A97D320B9CA3200E95BB7 /* TreasureViewVC.swift */,
			);
			path = ViewControllers;
			sourceTree = "<group>";
		};
		3A5410C020A5394D002D612D = {
			isa = PBXGroup;
			children = (
				3A5410CB20A5394D002D612D /* Treasure Hunt */,
				3A5410CA20A5394D002D612D /* Products */,
				3A31CB1B20A9524700AC4CB0 /* Frameworks */,
			);
			sourceTree = "<group>";
		};
		3A5410CA20A5394D002D612D /* Products */ = {
			isa = PBXGroup;
			children = (
				3A5410C920A5394D002D612D /* Treasure Hunt.app */,
			);
			name = Products;
			sourceTree = "<group>";
		};
		3A5410CB20A5394D002D612D /* Treasure Hunt */ = {
			isa = PBXGroup;
			children = (
				3AF006AA20B7247500B69760 /* MenuMusic */,
				3A4AEB0820A5775E00A940B6 /* ViewControllers */,
				3A4AEB0720A5772800A940B6 /* UserClasses */,
				3A5410CC20A5394D002D612D /* AppDelegate.swift */,
				3A99B50820C40C6300EE22E4 /* SKTAudio.swift */,
				3A5410D020A5394D002D612D /* Main.storyboard */,
				3A5410D620A5394F002D612D /* Assets.xcassets */,
				3A5410D820A5394F002D612D /* LaunchScreen.storyboard */,
				3A5410DB20A5394F002D612D /* Info.plist */,
				3A5410D320A5394D002D612D /* Treasure_Hunt.xcdatamodeld */,
			);
			path = "Treasure Hunt";
			sourceTree = "<group>";
		};
		3AF006AA20B7247500B69760 /* MenuMusic */ = {
			isa = PBXGroup;
			children = (
				3AF006B120B7270C00B69760 /* pirate.mp3 */,
			);
			path = MenuMusic;
			sourceTree = "<group>";
		};
/* End PBXGroup section */

/* Begin PBXNativeTarget section */
		3A5410C820A5394D002D612D /* Treasure Hunt */ = {
			isa = PBXNativeTarget;
			buildConfigurationList = 3A5410DE20A5394F002D612D /* Build configuration list for PBXNativeTarget "Treasure Hunt" */;
			buildPhases = (
				3A5410C520A5394D002D612D /* Sources */,
				3A5410C620A5394D002D612D /* Frameworks */,
				3A5410C720A5394D002D612D /* Resources */,
			);
			buildRules = (
			);
			dependencies = (
			);
			name = "Treasure Hunt";
			productName = "Treasure Hunt";
			productReference = 3A5410C920A5394D002D612D /* Treasure Hunt.app */;
			productType = "com.apple.product-type.application";
		};
/* End PBXNativeTarget section */

/* Begin PBXProject section */
		3A5410C120A5394D002D612D /* Project object */ = {
			isa = PBXProject;
			attributes = {
				LastSwiftUpdateCheck = 0930;
				LastUpgradeCheck = 0930;
				ORGANIZATIONNAME = Deakin;
				TargetAttributes = {
					3A5410C820A5394D002D612D = {
						CreatedOnToolsVersion = 9.3;
						SystemCapabilities = {
							com.apple.Maps.iOS = {
								enabled = 1;
							};
						};
					};
				};
			};
			buildConfigurationList = 3A5410C420A5394D002D612D /* Build configuration list for PBXProject "Treasure Hunt" */;
			compatibilityVersion = "Xcode 9.3";
			developmentRegion = en;
			hasScannedForEncodings = 0;
			knownRegions = (
				en,
				Base,
			);
			mainGroup = 3A5410C020A5394D002D612D;
			productRefGroup = 3A5410CA20A5394D002D612D /* Products */;
			projectDirPath = "";
			projectRoot = "";
			targets = (
				3A5410C820A5394D002D612D /* Treasure Hunt */,
			);
		};
/* End PBXProject section */

/* Begin PBXResourcesBuildPhase section */
		3A5410C720A5394D002D612D /* Resources */ = {
			isa = PBXResourcesBuildPhase;
			buildActionMask = 2147483647;
			files = (
				3A5410DA20A5394F002D612D /* LaunchScreen.storyboard in Resources */,
				3AF006B220B7270C00B69760 /* pirate.mp3 in Resources */,
				3A5410D720A5394F002D612D /* Assets.xcassets in Resources */,
				3A5410D220A5394D002D612D /* Main.storyboard in Resources */,
			);
			runOnlyForDeploymentPostprocessing = 0;
		};
/* End PBXResourcesBuildPhase section */

/* Begin PBXSourcesBuildPhase section */
		3A5410C520A5394D002D612D /* Sources */ = {
			isa = PBXSourcesBuildPhase;
			buildActionMask = 2147483647;
			files = (
				3A5410E220A53E31002D612D /* TreasureMapVC.swift in Sources */,
				3A4AEB0220A573F800A940B6 /* FriendVC.swift in Sources */,
				3A5410D520A5394D002D612D /* Treasure_Hunt.xcdatamodeld in Sources */,
				3A5410CF20A5394D002D612D /* MainMenuVC.swift in Sources */,
				3A99B50920C40C6300EE22E4 /* SKTAudio.swift in Sources */,
				3AC47E6320A57A3800F2FF93 /* treasure.swift in Sources */,
				3AC47E6120A57A2600F2FF93 /* user.swift in Sources */,
				3AC47E6520A57D1500F2FF93 /* person.swift in Sources */,
				3A5410CD20A5394D002D612D /* AppDelegate.swift in Sources */,
				3A4AEB0420A5744F00A940B6 /* ProfileVC.swift in Sources */,
				3A60F81620B5784400546EB9 /* NavigationController.swift in Sources */,
				3A4AEB0620A574A000A940B6 /* SettingsVC.swift in Sources */,
				3A6A97D420B9CA3200E95BB7 /* TreasureViewVC.swift in Sources */,
			);
			runOnlyForDeploymentPostprocessing = 0;
		};
/* End PBXSourcesBuildPhase section */

/* Begin PBXVariantGroup section */
		3A5410D020A5394D002D612D /* Main.storyboard */ = {
			isa = PBXVariantGroup;
			children = (
				3A5410D120A5394D002D612D /* Base */,
			);
			name = Main.storyboard;
			sourceTree = "<group>";
		};
		3A5410D820A5394F002D612D /* LaunchScreen.storyboard */ = {
			isa = PBXVariantGroup;
			children = (
				3A5410D920A5394F002D612D /* Base */,
			);
			name = LaunchScreen.storyboard;
			sourceTree = "<group>";
		};
/* End PBXVariantGroup section */

/* Begin XCBuildConfiguration section */
		3A5410DC20A5394F002D612D /* Debug */ = {
			isa = XCBuildConfiguration;
			buildSettings = {
				ALWAYS_SEARCH_USER_PATHS = NO;
				CLANG_ANALYZER_NONNULL = YES;
				CLANG_ANALYZER_NUMBER_OBJECT_CONVERSION = YES_AGGRESSIVE;
				CLANG_CXX_LANGUAGE_STANDARD = "gnu++14";
				CLANG_CXX_LIBRARY = "libc++";
				CLANG_ENABLE_MODULES = YES;
				CLANG_ENABLE_OBJC_ARC = YES;
				CLANG_ENABLE_OBJC_WEAK = YES;
				CLANG_WARN_BLOCK_CAPTURE_AUTORELEASING = YES;
				CLANG_WARN_BOOL_CONVERSION = YES;
				CLANG_WARN_COMMA = YES;
				CLANG_WARN_CONSTANT_CONVERSION = YES;
				CLANG_WARN_DEPRECATED_OBJC_IMPLEMENTATIONS = YES;
				CLANG_WARN_DIRECT_OBJC_ISA_USAGE = YES_ERROR;
				CLANG_WARN_DOCUMENTATION_COMMENTS = YES;
				CLANG_WARN_EMPTY_BODY = YES;
				CLANG_WARN_ENUM_CONVERSION = YES;
				CLANG_WARN_INFINITE_RECURSION = YES;
				CLANG_WARN_INT_CONVERSION = YES;
				CLANG_WARN_NON_LITERAL_NULL_CONVERSION = YES;
				CLANG_WARN_OBJC_IMPLICIT_RETAIN_SELF = YES;
				CLANG_WARN_OBJC_LITERAL_CONVERSION = YES;
				CLANG_WARN_OBJC_ROOT_CLASS = YES_ERROR;
				CLANG_WARN_RANGE_LOOP_ANALYSIS = YES;
				CLANG_WARN_STRICT_PROTOTYPES = YES;
				CLANG_WARN_SUSPICIOUS_MOVE = YES;
				CLANG_WARN_UNGUARDED_AVAILABILITY = YES_AGGRESSIVE;
				CLANG_WARN_UNREACHABLE_CODE = YES;
				CLANG_WARN__DUPLICATE_METHOD_MATCH = YES;
				CODE_SIGN_IDENTITY = "iPhone Developer";
				COPY_PHASE_STRIP = NO;
				DEBUG_INFORMATION_FORMAT = dwarf;
				ENABLE_STRICT_OBJC_MSGSEND = YES;
				ENABLE_TESTABILITY = YES;
				GCC_C_LANGUAGE_STANDARD = gnu11;
				GCC_DYNAMIC_NO_PIC = NO;
				GCC_NO_COMMON_BLOCKS = YES;
				GCC_OPTIMIZATION_LEVEL = 0;
				GCC_PREPROCESSOR_DEFINITIONS = (
					"DEBUG=1",
					"$(inherited)",
				);
				GCC_WARN_64_TO_32_BIT_CONVERSION = YES;
				GCC_WARN_ABOUT_RETURN_TYPE = YES_ERROR;
				GCC_WARN_UNDECLARED_SELECTOR = YES;
				GCC_WARN_UNINITIALIZED_AUTOS = YES_AGGRESSIVE;
				GCC_WARN_UNUSED_FUNCTION = YES;
				GCC_WARN_UNUSED_VARIABLE = YES;
				IPHONEOS_DEPLOYMENT_TARGET = 11.3;
				MTL_ENABLE_DEBUG_INFO = YES;
				ONLY_ACTIVE_ARCH = YES;
				SDKROOT = iphoneos;
				SWIFT_ACTIVE_COMPILATION_CONDITIONS = DEBUG;
				SWIFT_OPTIMIZATION_LEVEL = "-Onone";
			};
			name = Debug;
		};
		3A5410DD20A5394F002D612D /* Release */ = {
			isa = XCBuildConfiguration;
			buildSettings = {
				ALWAYS_SEARCH_USER_PATHS = NO;
				CLANG_ANALYZER_NONNULL = YES;
				CLANG_ANALYZER_NUMBER_OBJECT_CONVERSION = YES_AGGRESSIVE;
				CLANG_CXX_LANGUAGE_STANDARD = "gnu++14";
				CLANG_CXX_LIBRARY = "libc++";
				CLANG_ENABLE_MODULES = YES;
				CLANG_ENABLE_OBJC_ARC = YES;
				CLANG_ENABLE_OBJC_WEAK = YES;
				CLANG_WARN_BLOCK_CAPTURE_AUTORELEASING = YES;
				CLANG_WARN_BOOL_CONVERSION = YES;
				CLANG_WARN_COMMA = YES;
				CLANG_WARN_CONSTANT_CONVERSION = YES;
				CLANG_WARN_DEPRECATED_OBJC_IMPLEMENTATIONS = YES;
				CLANG_WARN_DIRECT_OBJC_ISA_USAGE = YES_ERROR;
				CLANG_WARN_DOCUMENTATION_COMMENTS = YES;
				CLANG_WARN_EMPTY_BODY = YES;
				CLANG_WARN_ENUM_CONVERSION = YES;
				CLANG_WARN_INFINITE_RECURSION = YES;
				CLANG_WARN_INT_CONVERSION = YES;
				CLANG_WARN_NON_LITERAL_NULL_CONVERSION = YES;
				CLANG_WARN_OBJC_IMPLICIT_RETAIN_SELF = YES;
				CLANG_WARN_OBJC_LITERAL_CONVERSION = YES;
				CLANG_WARN_OBJC_ROOT_CLASS = YES_ERROR;
				CLANG_WARN_RANGE_LOOP_ANALYSIS = YES;
				CLANG_WARN_STRICT_PROTOTYPES = YES;
				CLANG_WARN_SUSPICIOUS_MOVE = YES;
				CLANG_WARN_UNGUARDED_AVAILABILITY = YES_AGGRESSIVE;
				CLANG_WARN_UNREACHABLE_CODE = YES;
				CLANG_WARN__DUPLICATE_METHOD_MATCH = YES;
				CODE_SIGN_IDENTITY = "iPhone Developer";
				COPY_PHASE_STRIP = NO;
				DEBUG_INFORMATION_FORMAT = "dwarf-with-dsym";
				ENABLE_NS_ASSERTIONS = NO;
				ENABLE_STRICT_OBJC_MSGSEND = YES;
				GCC_C_LANGUAGE_STANDARD = gnu11;
				GCC_NO_COMMON_BLOCKS = YES;
				GCC_WARN_64_TO_32_BIT_CONVERSION = YES;
				GCC_WARN_ABOUT_RETURN_TYPE = YES_ERROR;
				GCC_WARN_UNDECLARED_SELECTOR = YES;
				GCC_WARN_UNINITIALIZED_AUTOS = YES_AGGRESSIVE;
				GCC_WARN_UNUSED_FUNCTION = YES;
				GCC_WARN_UNUSED_VARIABLE = YES;
				IPHONEOS_DEPLOYMENT_TARGET = 11.3;
				MTL_ENABLE_DEBUG_INFO = NO;
				SDKROOT = iphoneos;
				SWIFT_COMPILATION_MODE = wholemodule;
				SWIFT_OPTIMIZATION_LEVEL = "-O";
				VALIDATE_PRODUCT = YES;
			};
			name = Release;
		};
		3A5410DF20A5394F002D612D /* Debug */ = {
			isa = XCBuildConfiguration;
			buildSettings = {
				ASSETCATALOG_COMPILER_APPICON_NAME = AppIcon;
				CODE_SIGN_STYLE = Automatic;
				DEVELOPMENT_TEAM = 6WTDVTH2ND;
				INFOPLIST_FILE = "Treasure Hunt/Info.plist";
				LD_RUNPATH_SEARCH_PATHS = (
					"$(inherited)",
					"@executable_path/Frameworks",
				);
				PRODUCT_BUNDLE_IDENTIFIER = "deakin.Treasure-Hunt";
				PRODUCT_NAME = "$(TARGET_NAME)";
				SWIFT_VERSION = 4.0;
				TARGETED_DEVICE_FAMILY = "1,2";
			};
			name = Debug;
		};
		3A5410E020A5394F002D612D /* Release */ = {
			isa = XCBuildConfiguration;
			buildSettings = {
				ASSETCATALOG_COMPILER_APPICON_NAME = AppIcon;
				CODE_SIGN_STYLE = Automatic;
				DEVELOPMENT_TEAM = 6WTDVTH2ND;
				INFOPLIST_FILE = "Treasure Hunt/Info.plist";
				LD_RUNPATH_SEARCH_PATHS = (
					"$(inherited)",
					"@executable_path/Frameworks",
				);
				PRODUCT_BUNDLE_IDENTIFIER = "deakin.Treasure-Hunt";
				PRODUCT_NAME = "$(TARGET_NAME)";
				SWIFT_VERSION = 4.0;
				TARGETED_DEVICE_FAMILY = "1,2";
			};
			name = Release;
		};
/* End XCBuildConfiguration section */

/* Begin XCConfigurationList section */
		3A5410C420A5394D002D612D /* Build configuration list for PBXProject "Treasure Hunt" */ = {
			isa = XCConfigurationList;
			buildConfigurations = (
				3A5410DC20A5394F002D612D /* Debug */,
				3A5410DD20A5394F002D612D /* Release */,
			);
			defaultConfigurationIsVisible = 0;
			defaultConfigurationName = Release;
		};
		3A5410DE20A5394F002D612D /* Build configuration list for PBXNativeTarget "Treasure Hunt" */ = {
			isa = XCConfigurationList;
			buildConfigurations = (
				3A5410DF20A5394F002D612D /* Debug */,
				3A5410E020A5394F002D612D /* Release */,
			);
			defaultConfigurationIsVisible = 0;
			defaultConfigurationName = Release;
		};
/* End XCConfigurationList section */

/* Begin XCVersionGroup section */
		3A5410D320A5394D002D612D /* Treasure_Hunt.xcdatamodeld */ = {
			isa = XCVersionGroup;
			children = (
				3A5410D420A5394D002D612D /* Treasure_Hunt.xcdatamodel */,
			);
			currentVersion = 3A5410D420A5394D002D612D /* Treasure_Hunt.xcdatamodel */;
			path = Treasure_Hunt.xcdatamodeld;
			sourceTree = "<group>";
			versionGroupType = wrapper.xcdatamodel;
		};
/* End XCVersionGroup section */
	};
	rootObject = 3A5410C120A5394D002D612D /* Project object */;
}
